
Microsoft Visual Studio Solution File, Format Version 12.00
# Visual Studio 15
VisualStudioVersion = 15.0.28307.1062
MinimumVisualStudioVersion = 10.0.40219.1
Project("{8BC9CEB8-8B4A-11D0-8D11-00A0C91BC942}") = "maketraingset", "maketraingset\maketraingset.vcxproj", "{957803EB-CF4F-4ED2-9FAF-3E93334A0036}"
EndProject
Global
	GlobalSection(SolutionConfigurationPlatforms) = preSolution
		Debug|x64 = Debug|x64
		Debug|x86 = Debug|x86
		Release|x64 = Release|x64
		Release|x86 = Release|x86
	EndGlobalSection
	GlobalSection(ProjectConfigurationPlatforms) = postSolution
		{957803EB-CF4F-4ED2-9FAF-3E93334A0036}.Debug|x64.ActiveCfg = Debug|x64
		{957803EB-CF4F-4ED2-9FAF-3E93334A0036}.Debug|x64.Build.0 = Debug|x64
		{957803EB-CF4F-4ED2-9FAF-3E93334A0036}.Debug|x86.ActiveCfg = Debug|Win32
		{957803EB-CF4F-4ED2-9FAF-3E93334A0036}.Debug|x86.Build.0 = Debug|Win32
		{957803EB-CF4F-4ED2-9FAF-3E93334A0036}.Release|x64.ActiveCfg = Release|x64
		{957803EB-CF4F-4ED2-9FAF-3E93334A0036}.Release|x64.Build.0 = Release|x64
		{957803EB-CF4F-4ED2-9FAF-3E93334A0036}.Release|x86.ActiveCfg = Release|Win32
		{957803EB-CF4F-4ED2-9FAF-3E93334A0036}.Release|x86.Build.0 = Release|Win32
	EndGlobalSection
	GlobalSection(SolutionProperties) = preSolution
		HideSolutionNode = FALSE
	EndGlobalSection
	GlobalSection(ExtensibilityGlobals) = postSolution
		SolutionGuid = {A07BA31F-AD74-4F68-BA71-9F2CF15C40C8}
	EndGlobalSection
EndGlobal
